
Microsoft Visual Studio Solution File, Format Version 12.00
# Visual Studio Version 16
VisualStudioVersion = 16.0.31129.286
MinimumVisualStudioVersion = 10.0.40219.1
Project("{9A19103F-16F7-4668-BE54-9A1E7A4F7556}") = "HealthMonitoring.DataAccessLayer", "HealthMonitoring.DataAccessLayer\HealthMonitoring.DataAccessLayer.csproj", "{31EAC35B-7844-45A7-B0F0-1A5D57079994}"
EndProject
Project("{9A19103F-16F7-4668-BE54-9A1E7A4F7556}") = "HealthMonitoring.BusinessLogic", "HealthMonitoring.BusinessLogic\HealthMonitoring.BusinessLogic.csproj", "{5F73D386-2059-4276-A616-D3E3223D7FE0}"
EndProject
Project("{9A19103F-16F7-4668-BE54-9A1E7A4F7556}") = "HealthMonitoring.Presentation.WinForms", "HealthMonitoring.Presentation.WinForms\HealthMonitoring.Presentation.WinForms.csproj", "{016D11DC-FD39-4365-9FBD-9C8442160B57}"
EndProject
Project("{9A19103F-16F7-4668-BE54-9A1E7A4F7556}") = "HealthMonitoring.Presentation.WebApp", "HealthMonitoring.Presentation.WebApp\HealthMonitoring.Presentation.WebApp.csproj", "{06456EA5-58A7-4856-A1EA-4B986195BB19}"
EndProject
Project("{FAE04EC0-301F-11D3-BF4B-00C04F79EFBC}") = "HealthMonitoring.Presentation.WebAPI", "HealthMonitoring.Presentation.WebAPI\HealthMonitoring.Presentation.WebAPI.csproj", "{DBA8FAF4-043F-4DFA-A35A-D7BE10FC2B6F}"
EndProject
Global
	GlobalSection(SolutionConfigurationPlatforms) = preSolution
		Debug|Any CPU = Debug|Any CPU
		Release|Any CPU = Release|Any CPU
	EndGlobalSection
	GlobalSection(ProjectConfigurationPlatforms) = postSolution
		{31EAC35B-7844-45A7-B0F0-1A5D57079994}.Debug|Any CPU.ActiveCfg = Debug|Any CPU
		{31EAC35B-7844-45A7-B0F0-1A5D57079994}.Debug|Any CPU.Build.0 = Debug|Any CPU
		{31EAC35B-7844-45A7-B0F0-1A5D57079994}.Release|Any CPU.ActiveCfg = Release|Any CPU
		{31EAC35B-7844-45A7-B0F0-1A5D57079994}.Release|Any CPU.Build.0 = Release|Any CPU
		{5F73D386-2059-4276-A616-D3E3223D7FE0}.Debug|Any CPU.ActiveCfg = Debug|Any CPU
		{5F73D386-2059-4276-A616-D3E3223D7FE0}.Debug|Any CPU.Build.0 = Debug|Any CPU
		{5F73D386-2059-4276-A616-D3E3223D7FE0}.Release|Any CPU.ActiveCfg = Release|Any CPU
		{5F73D386-2059-4276-A616-D3E3223D7FE0}.Release|Any CPU.Build.0 = Release|Any CPU
		{016D11DC-FD39-4365-9FBD-9C8442160B57}.Debug|Any CPU.ActiveCfg = Debug|Any CPU
		{016D11DC-FD39-4365-9FBD-9C8442160B57}.Debug|Any CPU.Build.0 = Debug|Any CPU
		{016D11DC-FD39-4365-9FBD-9C8442160B57}.Release|Any CPU.ActiveCfg = Release|Any CPU
		{016D11DC-FD39-4365-9FBD-9C8442160B57}.Release|Any CPU.Build.0 = Release|Any CPU
		{06456EA5-58A7-4856-A1EA-4B986195BB19}.Debug|Any CPU.ActiveCfg = Debug|Any CPU
		{06456EA5-58A7-4856-A1EA-4B986195BB19}.Debug|Any CPU.Build.0 = Debug|Any CPU
		{06456EA5-58A7-4856-A1EA-4B986195BB19}.Release|Any CPU.ActiveCfg = Release|Any CPU
		{06456EA5-58A7-4856-A1EA-4B986195BB19}.Release|Any CPU.Build.0 = Release|Any CPU
		{DBA8FAF4-043F-4DFA-A35A-D7BE10FC2B6F}.Debug|Any CPU.ActiveCfg = Debug|Any CPU
		{DBA8FAF4-043F-4DFA-A35A-D7BE10FC2B6F}.Debug|Any CPU.Build.0 = Debug|Any CPU
		{DBA8FAF4-043F-4DFA-A35A-D7BE10FC2B6F}.Release|Any CPU.ActiveCfg = Release|Any CPU
		{DBA8FAF4-043F-4DFA-A35A-D7BE10FC2B6F}.Release|Any CPU.Build.0 = Release|Any CPU
	EndGlobalSection
	GlobalSection(SolutionProperties) = preSolution
		HideSolutionNode = FALSE
	EndGlobalSection
	GlobalSection(ExtensibilityGlobals) = postSolution
		SolutionGuid = {EC262BDB-447B-49E4-815E-EA06C041D395}
	EndGlobalSection
EndGlobal
